
Microsoft Visual Studio Solution File, Format Version 12.00
# Visual Studio 2013
VisualStudioVersion = 12.0.30324.0
MinimumVisualStudioVersion = 10.0.40219.1
Project("{FAE04EC0-301F-11D3-BF4B-00C04F79EFBC}") = "ArgusTV.UI.MediaPortal16", "ArgusTV.UI.MediaPortal16\ArgusTV.UI.MediaPortal16.csproj", "{1526A789-1DE2-4A8B-AA4B-5382A617C4F8}"
EndProject
Project("{2150E333-8FDC-42A3-9474-1A3956D46DE8}") = "MediaPortal", "MediaPortal", "{C9BC5650-2133-4500-A090-EAE3C6EC38EB}"
EndProject
Project("{2150E333-8FDC-42A3-9474-1A3956D46DE8}") = "_NET40", "_NET40", "{0F187D8B-50EA-4E47-9E33-67F288251F30}"
EndProject
Project("{FAE04EC0-301F-11D3-BF4B-00C04F79EFBC}") = "ArgusTV.UI.Process", "ArgusTV.UI.Process\ArgusTV.UI.Process.csproj", "{A35F0ED7-98ED-4EE2-99C6-EA2AF880F8CD}"
EndProject
Project("{FAE04EC0-301F-11D3-BF4B-00C04F79EFBC}") = "ArgusTV.Client.Common", "ArgusTV.Client.Common\ArgusTV.Client.Common.csproj", "{2702DCFE-6086-48A0-A6DC-DB1D272AEFB3}"
EndProject
Project("{2150E333-8FDC-42A3-9474-1A3956D46DE8}") = "Common", "Common", "{FDA1079E-BE0F-447D-91F8-89DE10A34A11}"
EndProject
Project("{FAE04EC0-301F-11D3-BF4B-00C04F79EFBC}") = "ArgusTV.WinForms", "ArgusTV.WinForms\ArgusTV.WinForms.csproj", "{3DD48154-4E62-4CAF-834D-2F6565E16E63}"
EndProject
Project("{FAE04EC0-301F-11D3-BF4B-00C04F79EFBC}") = "ArgusTV.UI.Notifier", "ArgusTV.UI.Notifier\ArgusTV.UI.Notifier.csproj", "{4ADFFC02-63A0-4783-B116-3EB80CEDB36F}"
EndProject
Project("{FAE04EC0-301F-11D3-BF4B-00C04F79EFBC}") = "ArgusTV.Messenger", "ArgusTV.Messenger\ArgusTV.Messenger.csproj", "{521F9435-ACE9-48A3-B5D1-839A4161FE07}"
EndProject
Project("{FAE04EC0-301F-11D3-BF4B-00C04F79EFBC}") = "ArgusTV.Common", "ArgusTV.Common\ArgusTV.Common.csproj", "{D0FD6FEC-F7B8-406A-9B87-16FF3F5472BE}"
EndProject
Project("{FAE04EC0-301F-11D3-BF4B-00C04F79EFBC}") = "ArgusTV.Batch.ProcessCommand", "ArgusTV.Batch.ProcessCommand\ArgusTV.Batch.ProcessCommand.csproj", "{147909FF-20FF-4DE0-BFD7-61F2D0FCA244}"
EndProject
Project("{2150E333-8FDC-42A3-9474-1A3956D46DE8}") = "Guide Importer", "Guide Importer", "{38F19923-9FD9-45CC-A0FB-04908BCD9ECF}"
EndProject
Project("{FAE04EC0-301F-11D3-BF4B-00C04F79EFBC}") = "ArgusTV.GuideImporter.Interfaces", "ArgusTV.GuideImporter.Interfaces\ArgusTV.GuideImporter.Interfaces.csproj", "{69BDFF96-14EE-4B21-AD5A-A9FD29A4A3AA}"
EndProject
Project("{FAE04EC0-301F-11D3-BF4B-00C04F79EFBC}") = "ArgusTV.GuideImporter.ClickFinder", "ArgusTV.GuideImporter.ClickFinder\ArgusTV.GuideImporter.ClickFinder.csproj", "{C5BE23A3-2181-4891-BA9C-1B05E60A7528}"
EndProject
Project("{FAE04EC0-301F-11D3-BF4B-00C04F79EFBC}") = "ArgusTV.GuideImporter.SchedulesDirect", "ArgusTV.GuideImporter.SchedulesDirect\ArgusTV.GuideImporter.SchedulesDirect.csproj", "{AEA30886-C74A-46BF-B5B3-4DA77F287665}"
EndProject
Project("{FAE04EC0-301F-11D3-BF4B-00C04F79EFBC}") = "ArgusTV.GuideImporter", "ArgusTV.GuideImporter\ArgusTV.GuideImporter.csproj", "{8035180C-679D-4091-8612-01A62963C2A6}"
EndProject
Project("{FAE04EC0-301F-11D3-BF4B-00C04F79EFBC}") = "ArgusTV.GuideImporter.Setup", "ArgusTV.GuideImporter.Setup\ArgusTV.GuideImporter.Setup.csproj", "{D4DE4D15-77C9-4D93-9952-F016513A00F7}"
EndProject
Project("{2150E333-8FDC-42A3-9474-1A3956D46DE8}") = "Deployment", "Deployment", "{9123D4B9-1851-4B51-9AB1-3D7CB31A2F47}"
EndProject
Project("{FAE04EC0-301F-11D3-BF4B-00C04F79EFBC}") = "ArgusTV.UI.MediaPortal17", "ArgusTV.UI.MediaPortal17\ArgusTV.UI.MediaPortal17.csproj", "{416FEA9A-D2E2-4FA3-A229-20D74EEEA292}"
EndProject
Project("{FAE04EC0-301F-11D3-BF4B-00C04F79EFBC}") = "ArgusTV.Recorder.MediaPortalTvServer16", "ArgusTV.Recorder.MediaPortalTvServer16\ArgusTV.Recorder.MediaPortalTvServer16.csproj", "{48099DA6-DD8C-483D-B1E5-0B049820E918}"
EndProject
Project("{FAE04EC0-301F-11D3-BF4B-00C04F79EFBC}") = "ArgusTV.Client.Common.NET40", "_NET40\ArgusTV.Client.Common\ArgusTV.Client.Common.NET40.csproj", "{2702DCFE-6086-48A0-A6DC-DB1D272AEFB2}"
EndProject
Project("{FAE04EC0-301F-11D3-BF4B-00C04F79EFBC}") = "ArgusTV.Common.Recorders.NET40", "_NET40\ArgusTV.Common.Recorders\ArgusTV.Common.Recorders.NET40.csproj", "{F6DD8172-E02F-4B38-BDF1-C2EC9F0D86F0}"
EndProject
Project("{FAE04EC0-301F-11D3-BF4B-00C04F79EFBC}") = "ArgusTV.UI.Process.NET40", "_NET40\ArgusTV.UI.Process\ArgusTV.UI.Process.NET40.csproj", "{A35F0ED7-98ED-4EE2-99C6-EA2AF880F8C4}"
EndProject
Project("{FAE04EC0-301F-11D3-BF4B-00C04F79EFBC}") = "ArgusTV.Common.Recorders", "ArgusTV.Common.Recorders\ArgusTV.Common.Recorders.csproj", "{F6DD8172-E02F-4B38-BDF1-C2EC9F0D6F86}"
EndProject
Project("{FAE04EC0-301F-11D3-BF4B-00C04F79EFBC}") = "ArgusTV.Recorder.MediaPortalTvServer17", "ArgusTV.Recorder.MediaPortalTvServer17\ArgusTV.Recorder.MediaPortalTvServer17.csproj", "{58093DA6-8D8C-483D-B1E5-0B149820E914}"
EndProject
Project("{FAE04EC0-301F-11D3-BF4B-00C04F79EFBC}") = "ArgusTV.Common.NET40", "_NET40\ArgusTV.Common\ArgusTV.Common.NET40.csproj", "{D0FD6FEC-F7B8-406A-9B87-16FF3F543567}"
EndProject
Project("{2150E333-8FDC-42A3-9474-1A3956D46DE8}") = "Clients", "Clients", "{426F2620-7962-4CE4-A043-257725D88CF9}"
EndProject
Project("{FAE04EC0-301F-11D3-BF4B-00C04F79EFBC}") = "ArgusTV.StreamPlayer", "ArgusTV.StreamPlayer\ArgusTV.StreamPlayer.csproj", "{56D65560-EFC3-4E4C-B0C3-17C4F105260B}"
EndProject
Project("{FAE04EC0-301F-11D3-BF4B-00C04F79EFBC}") = "ArgusTV.UI.Console", "ArgusTV.UI.Console\ArgusTV.UI.Console.csproj", "{017FEF75-E2FD-4C9E-952E-AF195A8410D1}"
EndProject
Project("{FAE04EC0-301F-11D3-BF4B-00C04F79EFBC}") = "ArgusTV.ServiceProxy", "ArgusTV.ServiceProxy\ArgusTV.ServiceProxy.csproj", "{7C5F1D5B-AA36-48BD-B20F-47E62538D5DA}"
EndProject
Project("{FAE04EC0-301F-11D3-BF4B-00C04F79EFBC}") = "ArgusTV.ServiceProxy.NET40", "_NET40\ArgusTV.ServiceProxy\ArgusTV.ServiceProxy.NET40.csproj", "{7C5F1D5B-AA36-48BD-B20F-47E62538643A}"
EndProject
Project("{FAE04EC0-301F-11D3-BF4B-00C04F79EFBC}") = "ArgusTV.DataContracts", "ArgusTV.DataContracts\ArgusTV.DataContracts.csproj", "{2D3B808E-4E79-40DF-B2FA-8C87FB50D7AA}"
EndProject
Project("{FAE04EC0-301F-11D3-BF4B-00C04F79EFBC}") = "ArgusTV.DataContracts.NET40", "_NET40\ArgusTV.DataContracts\ArgusTV.DataContracts.NET40.csproj", "{CDB911A5-A3E1-46B3-98F3-DD1EE63F64B1}"
EndProject
Global
	GlobalSection(SolutionConfigurationPlatforms) = preSolution
		Debug|Any CPU = Debug|Any CPU
		Release|Any CPU = Release|Any CPU
		Test|Any CPU = Test|Any CPU
	EndGlobalSection
	GlobalSection(ProjectConfigurationPlatforms) = postSolution
		{1526A789-1DE2-4A8B-AA4B-5382A617C4F8}.Debug|Any CPU.ActiveCfg = Debug|Any CPU
		{1526A789-1DE2-4A8B-AA4B-5382A617C4F8}.Debug|Any CPU.Build.0 = Debug|Any CPU
		{1526A789-1DE2-4A8B-AA4B-5382A617C4F8}.Release|Any CPU.ActiveCfg = Release|Any CPU
		{1526A789-1DE2-4A8B-AA4B-5382A617C4F8}.Release|Any CPU.Build.0 = Release|Any CPU
		{1526A789-1DE2-4A8B-AA4B-5382A617C4F8}.Test|Any CPU.ActiveCfg = Test|Any CPU
		{1526A789-1DE2-4A8B-AA4B-5382A617C4F8}.Test|Any CPU.Build.0 = Test|Any CPU
		{A35F0ED7-98ED-4EE2-99C6-EA2AF880F8CD}.Debug|Any CPU.ActiveCfg = Debug|Any CPU
		{A35F0ED7-98ED-4EE2-99C6-EA2AF880F8CD}.Debug|Any CPU.Build.0 = Debug|Any CPU
		{A35F0ED7-98ED-4EE2-99C6-EA2AF880F8CD}.Release|Any CPU.ActiveCfg = Release|Any CPU
		{A35F0ED7-98ED-4EE2-99C6-EA2AF880F8CD}.Release|Any CPU.Build.0 = Release|Any CPU
		{A35F0ED7-98ED-4EE2-99C6-EA2AF880F8CD}.Test|Any CPU.ActiveCfg = Test|Any CPU
		{A35F0ED7-98ED-4EE2-99C6-EA2AF880F8CD}.Test|Any CPU.Build.0 = Test|Any CPU
		{2702DCFE-6086-48A0-A6DC-DB1D272AEFB3}.Debug|Any CPU.ActiveCfg = Debug|Any CPU
		{2702DCFE-6086-48A0-A6DC-DB1D272AEFB3}.Debug|Any CPU.Build.0 = Debug|Any CPU
		{2702DCFE-6086-48A0-A6DC-DB1D272AEFB3}.Release|Any CPU.ActiveCfg = Release|Any CPU
		{2702DCFE-6086-48A0-A6DC-DB1D272AEFB3}.Release|Any CPU.Build.0 = Release|Any CPU
		{2702DCFE-6086-48A0-A6DC-DB1D272AEFB3}.Test|Any CPU.ActiveCfg = Test|Any CPU
		{2702DCFE-6086-48A0-A6DC-DB1D272AEFB3}.Test|Any CPU.Build.0 = Test|Any CPU
		{3DD48154-4E62-4CAF-834D-2F6565E16E63}.Debug|Any CPU.ActiveCfg = Debug|Any CPU
		{3DD48154-4E62-4CAF-834D-2F6565E16E63}.Debug|Any CPU.Build.0 = Debug|Any CPU
		{3DD48154-4E62-4CAF-834D-2F6565E16E63}.Release|Any CPU.ActiveCfg = Release|Any CPU
		{3DD48154-4E62-4CAF-834D-2F6565E16E63}.Release|Any CPU.Build.0 = Release|Any CPU
		{3DD48154-4E62-4CAF-834D-2F6565E16E63}.Test|Any CPU.ActiveCfg = Test|Any CPU
		{3DD48154-4E62-4CAF-834D-2F6565E16E63}.Test|Any CPU.Build.0 = Test|Any CPU
		{4ADFFC02-63A0-4783-B116-3EB80CEDB36F}.Debug|Any CPU.ActiveCfg = Debug|Any CPU
		{4ADFFC02-63A0-4783-B116-3EB80CEDB36F}.Debug|Any CPU.Build.0 = Debug|Any CPU
		{4ADFFC02-63A0-4783-B116-3EB80CEDB36F}.Release|Any CPU.ActiveCfg = Release|Any CPU
		{4ADFFC02-63A0-4783-B116-3EB80CEDB36F}.Release|Any CPU.Build.0 = Release|Any CPU
		{4ADFFC02-63A0-4783-B116-3EB80CEDB36F}.Test|Any CPU.ActiveCfg = Test|Any CPU
		{4ADFFC02-63A0-4783-B116-3EB80CEDB36F}.Test|Any CPU.Build.0 = Test|Any CPU
		{521F9435-ACE9-48A3-B5D1-839A4161FE07}.Debug|Any CPU.ActiveCfg = Debug|Any CPU
		{521F9435-ACE9-48A3-B5D1-839A4161FE07}.Debug|Any CPU.Build.0 = Debug|Any CPU
		{521F9435-ACE9-48A3-B5D1-839A4161FE07}.Release|Any CPU.ActiveCfg = Release|Any CPU
		{521F9435-ACE9-48A3-B5D1-839A4161FE07}.Release|Any CPU.Build.0 = Release|Any CPU
		{521F9435-ACE9-48A3-B5D1-839A4161FE07}.Test|Any CPU.ActiveCfg = Test|Any CPU
		{521F9435-ACE9-48A3-B5D1-839A4161FE07}.Test|Any CPU.Build.0 = Test|Any CPU
		{D0FD6FEC-F7B8-406A-9B87-16FF3F5472BE}.Debug|Any CPU.ActiveCfg = Debug|Any CPU
		{D0FD6FEC-F7B8-406A-9B87-16FF3F5472BE}.Debug|Any CPU.Build.0 = Debug|Any CPU
		{D0FD6FEC-F7B8-406A-9B87-16FF3F5472BE}.Release|Any CPU.ActiveCfg = Release|Any CPU
		{D0FD6FEC-F7B8-406A-9B87-16FF3F5472BE}.Release|Any CPU.Build.0 = Release|Any CPU
		{D0FD6FEC-F7B8-406A-9B87-16FF3F5472BE}.Test|Any CPU.ActiveCfg = Test|Any CPU
		{D0FD6FEC-F7B8-406A-9B87-16FF3F5472BE}.Test|Any CPU.Build.0 = Test|Any CPU
		{147909FF-20FF-4DE0-BFD7-61F2D0FCA244}.Debug|Any CPU.ActiveCfg = Debug|Any CPU
		{147909FF-20FF-4DE0-BFD7-61F2D0FCA244}.Debug|Any CPU.Build.0 = Debug|Any CPU
		{147909FF-20FF-4DE0-BFD7-61F2D0FCA244}.Release|Any CPU.ActiveCfg = Release|Any CPU
		{147909FF-20FF-4DE0-BFD7-61F2D0FCA244}.Release|Any CPU.Build.0 = Release|Any CPU
		{147909FF-20FF-4DE0-BFD7-61F2D0FCA244}.Test|Any CPU.ActiveCfg = Release|Any CPU
		{147909FF-20FF-4DE0-BFD7-61F2D0FCA244}.Test|Any CPU.Build.0 = Release|Any CPU
		{69BDFF96-14EE-4B21-AD5A-A9FD29A4A3AA}.Debug|Any CPU.ActiveCfg = Debug|Any CPU
		{69BDFF96-14EE-4B21-AD5A-A9FD29A4A3AA}.Debug|Any CPU.Build.0 = Debug|Any CPU
		{69BDFF96-14EE-4B21-AD5A-A9FD29A4A3AA}.Release|Any CPU.ActiveCfg = Release|Any CPU
		{69BDFF96-14EE-4B21-AD5A-A9FD29A4A3AA}.Release|Any CPU.Build.0 = Release|Any CPU
		{69BDFF96-14EE-4B21-AD5A-A9FD29A4A3AA}.Test|Any CPU.ActiveCfg = Release|Any CPU
		{69BDFF96-14EE-4B21-AD5A-A9FD29A4A3AA}.Test|Any CPU.Build.0 = Release|Any CPU
		{C5BE23A3-2181-4891-BA9C-1B05E60A7528}.Debug|Any CPU.ActiveCfg = Debug|Any CPU
		{C5BE23A3-2181-4891-BA9C-1B05E60A7528}.Debug|Any CPU.Build.0 = Debug|Any CPU
		{C5BE23A3-2181-4891-BA9C-1B05E60A7528}.Release|Any CPU.ActiveCfg = Release|Any CPU
		{C5BE23A3-2181-4891-BA9C-1B05E60A7528}.Release|Any CPU.Build.0 = Release|Any CPU
		{C5BE23A3-2181-4891-BA9C-1B05E60A7528}.Test|Any CPU.ActiveCfg = Release|Any CPU
		{C5BE23A3-2181-4891-BA9C-1B05E60A7528}.Test|Any CPU.Build.0 = Release|Any CPU
		{AEA30886-C74A-46BF-B5B3-4DA77F287665}.Debug|Any CPU.ActiveCfg = Debug|Any CPU
		{AEA30886-C74A-46BF-B5B3-4DA77F287665}.Debug|Any CPU.Build.0 = Debug|Any CPU
		{AEA30886-C74A-46BF-B5B3-4DA77F287665}.Release|Any CPU.ActiveCfg = Release|Any CPU
		{AEA30886-C74A-46BF-B5B3-4DA77F287665}.Release|Any CPU.Build.0 = Release|Any CPU
		{AEA30886-C74A-46BF-B5B3-4DA77F287665}.Test|Any CPU.ActiveCfg = Release|Any CPU
		{AEA30886-C74A-46BF-B5B3-4DA77F287665}.Test|Any CPU.Build.0 = Release|Any CPU
		{8035180C-679D-4091-8612-01A62963C2A6}.Debug|Any CPU.ActiveCfg = Debug|Any CPU
		{8035180C-679D-4091-8612-01A62963C2A6}.Debug|Any CPU.Build.0 = Debug|Any CPU
		{8035180C-679D-4091-8612-01A62963C2A6}.Release|Any CPU.ActiveCfg = Release|Any CPU
		{8035180C-679D-4091-8612-01A62963C2A6}.Release|Any CPU.Build.0 = Release|Any CPU
		{8035180C-679D-4091-8612-01A62963C2A6}.Test|Any CPU.ActiveCfg = Release|Any CPU
		{8035180C-679D-4091-8612-01A62963C2A6}.Test|Any CPU.Build.0 = Release|Any CPU
		{D4DE4D15-77C9-4D93-9952-F016513A00F7}.Debug|Any CPU.ActiveCfg = Debug|Any CPU
		{D4DE4D15-77C9-4D93-9952-F016513A00F7}.Release|Any CPU.ActiveCfg = Release|Any CPU
		{D4DE4D15-77C9-4D93-9952-F016513A00F7}.Release|Any CPU.Build.0 = Release|Any CPU
		{D4DE4D15-77C9-4D93-9952-F016513A00F7}.Test|Any CPU.ActiveCfg = Release|Any CPU
		{D4DE4D15-77C9-4D93-9952-F016513A00F7}.Test|Any CPU.Build.0 = Release|Any CPU
		{416FEA9A-D2E2-4FA3-A229-20D74EEEA292}.Debug|Any CPU.ActiveCfg = Debug|Any CPU
		{416FEA9A-D2E2-4FA3-A229-20D74EEEA292}.Debug|Any CPU.Build.0 = Debug|Any CPU
		{416FEA9A-D2E2-4FA3-A229-20D74EEEA292}.Release|Any CPU.ActiveCfg = Release|Any CPU
		{416FEA9A-D2E2-4FA3-A229-20D74EEEA292}.Release|Any CPU.Build.0 = Release|Any CPU
		{416FEA9A-D2E2-4FA3-A229-20D74EEEA292}.Test|Any CPU.ActiveCfg = Test|Any CPU
		{416FEA9A-D2E2-4FA3-A229-20D74EEEA292}.Test|Any CPU.Build.0 = Test|Any CPU
		{48099DA6-DD8C-483D-B1E5-0B049820E918}.Debug|Any CPU.ActiveCfg = Debug|Any CPU
		{48099DA6-DD8C-483D-B1E5-0B049820E918}.Debug|Any CPU.Build.0 = Debug|Any CPU
		{48099DA6-DD8C-483D-B1E5-0B049820E918}.Release|Any CPU.ActiveCfg = Release|Any CPU
		{48099DA6-DD8C-483D-B1E5-0B049820E918}.Release|Any CPU.Build.0 = Release|Any CPU
		{48099DA6-DD8C-483D-B1E5-0B049820E918}.Test|Any CPU.ActiveCfg = Test|Any CPU
		{48099DA6-DD8C-483D-B1E5-0B049820E918}.Test|Any CPU.Build.0 = Test|Any CPU
		{2702DCFE-6086-48A0-A6DC-DB1D272AEFB2}.Debug|Any CPU.ActiveCfg = Debug|Any CPU
		{2702DCFE-6086-48A0-A6DC-DB1D272AEFB2}.Debug|Any CPU.Build.0 = Debug|Any CPU
		{2702DCFE-6086-48A0-A6DC-DB1D272AEFB2}.Release|Any CPU.ActiveCfg = Release|Any CPU
		{2702DCFE-6086-48A0-A6DC-DB1D272AEFB2}.Release|Any CPU.Build.0 = Release|Any CPU
		{2702DCFE-6086-48A0-A6DC-DB1D272AEFB2}.Test|Any CPU.ActiveCfg = Test|Any CPU
		{2702DCFE-6086-48A0-A6DC-DB1D272AEFB2}.Test|Any CPU.Build.0 = Test|Any CPU
		{F6DD8172-E02F-4B38-BDF1-C2EC9F0D86F0}.Debug|Any CPU.ActiveCfg = Debug|Any CPU
		{F6DD8172-E02F-4B38-BDF1-C2EC9F0D86F0}.Debug|Any CPU.Build.0 = Debug|Any CPU
		{F6DD8172-E02F-4B38-BDF1-C2EC9F0D86F0}.Release|Any CPU.ActiveCfg = Release|Any CPU
		{F6DD8172-E02F-4B38-BDF1-C2EC9F0D86F0}.Release|Any CPU.Build.0 = Release|Any CPU
		{F6DD8172-E02F-4B38-BDF1-C2EC9F0D86F0}.Test|Any CPU.ActiveCfg = Release|Any CPU
		{F6DD8172-E02F-4B38-BDF1-C2EC9F0D86F0}.Test|Any CPU.Build.0 = Release|Any CPU
		{A35F0ED7-98ED-4EE2-99C6-EA2AF880F8C4}.Debug|Any CPU.ActiveCfg = Debug|Any CPU
		{A35F0ED7-98ED-4EE2-99C6-EA2AF880F8C4}.Debug|Any CPU.Build.0 = Debug|Any CPU
		{A35F0ED7-98ED-4EE2-99C6-EA2AF880F8C4}.Release|Any CPU.ActiveCfg = Release|Any CPU
		{A35F0ED7-98ED-4EE2-99C6-EA2AF880F8C4}.Release|Any CPU.Build.0 = Release|Any CPU
		{A35F0ED7-98ED-4EE2-99C6-EA2AF880F8C4}.Test|Any CPU.ActiveCfg = Test|Any CPU
		{A35F0ED7-98ED-4EE2-99C6-EA2AF880F8C4}.Test|Any CPU.Build.0 = Test|Any CPU
		{F6DD8172-E02F-4B38-BDF1-C2EC9F0D6F86}.Debug|Any CPU.ActiveCfg = Debug|Any CPU
		{F6DD8172-E02F-4B38-BDF1-C2EC9F0D6F86}.Debug|Any CPU.Build.0 = Debug|Any CPU
		{F6DD8172-E02F-4B38-BDF1-C2EC9F0D6F86}.Release|Any CPU.ActiveCfg = Release|Any CPU
		{F6DD8172-E02F-4B38-BDF1-C2EC9F0D6F86}.Release|Any CPU.Build.0 = Release|Any CPU
		{F6DD8172-E02F-4B38-BDF1-C2EC9F0D6F86}.Test|Any CPU.ActiveCfg = Release|Any CPU
		{F6DD8172-E02F-4B38-BDF1-C2EC9F0D6F86}.Test|Any CPU.Build.0 = Release|Any CPU
		{58093DA6-8D8C-483D-B1E5-0B149820E914}.Debug|Any CPU.ActiveCfg = Debug|Any CPU
		{58093DA6-8D8C-483D-B1E5-0B149820E914}.Debug|Any CPU.Build.0 = Debug|Any CPU
		{58093DA6-8D8C-483D-B1E5-0B149820E914}.Release|Any CPU.ActiveCfg = Release|Any CPU
		{58093DA6-8D8C-483D-B1E5-0B149820E914}.Release|Any CPU.Build.0 = Release|Any CPU
		{58093DA6-8D8C-483D-B1E5-0B149820E914}.Test|Any CPU.ActiveCfg = Test|Any CPU
		{58093DA6-8D8C-483D-B1E5-0B149820E914}.Test|Any CPU.Build.0 = Test|Any CPU
		{D0FD6FEC-F7B8-406A-9B87-16FF3F543567}.Debug|Any CPU.ActiveCfg = Debug|Any CPU
		{D0FD6FEC-F7B8-406A-9B87-16FF3F543567}.Debug|Any CPU.Build.0 = Debug|Any CPU
		{D0FD6FEC-F7B8-406A-9B87-16FF3F543567}.Release|Any CPU.ActiveCfg = Release|Any CPU
		{D0FD6FEC-F7B8-406A-9B87-16FF3F543567}.Release|Any CPU.Build.0 = Release|Any CPU
		{D0FD6FEC-F7B8-406A-9B87-16FF3F543567}.Test|Any CPU.ActiveCfg = Test|Any CPU
		{D0FD6FEC-F7B8-406A-9B87-16FF3F543567}.Test|Any CPU.Build.0 = Test|Any CPU
		{56D65560-EFC3-4E4C-B0C3-17C4F105260B}.Debug|Any CPU.ActiveCfg = Debug|Any CPU
		{56D65560-EFC3-4E4C-B0C3-17C4F105260B}.Debug|Any CPU.Build.0 = Debug|Any CPU
		{56D65560-EFC3-4E4C-B0C3-17C4F105260B}.Release|Any CPU.ActiveCfg = Release|Any CPU
		{56D65560-EFC3-4E4C-B0C3-17C4F105260B}.Release|Any CPU.Build.0 = Release|Any CPU
		{56D65560-EFC3-4E4C-B0C3-17C4F105260B}.Test|Any CPU.ActiveCfg = Test|Any CPU
		{56D65560-EFC3-4E4C-B0C3-17C4F105260B}.Test|Any CPU.Build.0 = Test|Any CPU
		{017FEF75-E2FD-4C9E-952E-AF195A8410D1}.Debug|Any CPU.ActiveCfg = Debug|Any CPU
		{017FEF75-E2FD-4C9E-952E-AF195A8410D1}.Debug|Any CPU.Build.0 = Debug|Any CPU
		{017FEF75-E2FD-4C9E-952E-AF195A8410D1}.Release|Any CPU.ActiveCfg = Release|Any CPU
		{017FEF75-E2FD-4C9E-952E-AF195A8410D1}.Release|Any CPU.Build.0 = Release|Any CPU
		{017FEF75-E2FD-4C9E-952E-AF195A8410D1}.Test|Any CPU.ActiveCfg = Test|Any CPU
		{017FEF75-E2FD-4C9E-952E-AF195A8410D1}.Test|Any CPU.Build.0 = Test|Any CPU
		{7C5F1D5B-AA36-48BD-B20F-47E62538D5DA}.Debug|Any CPU.ActiveCfg = Debug|Any CPU
		{7C5F1D5B-AA36-48BD-B20F-47E62538D5DA}.Debug|Any CPU.Build.0 = Debug|Any CPU
		{7C5F1D5B-AA36-48BD-B20F-47E62538D5DA}.Release|Any CPU.ActiveCfg = Release|Any CPU
		{7C5F1D5B-AA36-48BD-B20F-47E62538D5DA}.Release|Any CPU.Build.0 = Release|Any CPU
		{7C5F1D5B-AA36-48BD-B20F-47E62538D5DA}.Test|Any CPU.ActiveCfg = Release|Any CPU
		{7C5F1D5B-AA36-48BD-B20F-47E62538D5DA}.Test|Any CPU.Build.0 = Release|Any CPU
		{7C5F1D5B-AA36-48BD-B20F-47E62538643A}.Debug|Any CPU.ActiveCfg = Debug|Any CPU
		{7C5F1D5B-AA36-48BD-B20F-47E62538643A}.Debug|Any CPU.Build.0 = Debug|Any CPU
		{7C5F1D5B-AA36-48BD-B20F-47E62538643A}.Release|Any CPU.ActiveCfg = Release|Any CPU
		{7C5F1D5B-AA36-48BD-B20F-47E62538643A}.Release|Any CPU.Build.0 = Release|Any CPU
		{7C5F1D5B-AA36-48BD-B20F-47E62538643A}.Test|Any CPU.ActiveCfg = Release|Any CPU
		{7C5F1D5B-AA36-48BD-B20F-47E62538643A}.Test|Any CPU.Build.0 = Release|Any CPU
		{2D3B808E-4E79-40DF-B2FA-8C87FB50D7AA}.Debug|Any CPU.ActiveCfg = Debug|Any CPU
		{2D3B808E-4E79-40DF-B2FA-8C87FB50D7AA}.Debug|Any CPU.Build.0 = Debug|Any CPU
		{2D3B808E-4E79-40DF-B2FA-8C87FB50D7AA}.Release|Any CPU.ActiveCfg = Release|Any CPU
		{2D3B808E-4E79-40DF-B2FA-8C87FB50D7AA}.Release|Any CPU.Build.0 = Release|Any CPU
		{2D3B808E-4E79-40DF-B2FA-8C87FB50D7AA}.Test|Any CPU.ActiveCfg = Test|Any CPU
		{2D3B808E-4E79-40DF-B2FA-8C87FB50D7AA}.Test|Any CPU.Build.0 = Test|Any CPU
		{CDB911A5-A3E1-46B3-98F3-DD1EE63F64B1}.Debug|Any CPU.ActiveCfg = Debug|Any CPU
		{CDB911A5-A3E1-46B3-98F3-DD1EE63F64B1}.Debug|Any CPU.Build.0 = Debug|Any CPU
		{CDB911A5-A3E1-46B3-98F3-DD1EE63F64B1}.Release|Any CPU.ActiveCfg = Release|Any CPU
		{CDB911A5-A3E1-46B3-98F3-DD1EE63F64B1}.Release|Any CPU.Build.0 = Release|Any CPU
		{CDB911A5-A3E1-46B3-98F3-DD1EE63F64B1}.Test|Any CPU.ActiveCfg = Test|Any CPU
		{CDB911A5-A3E1-46B3-98F3-DD1EE63F64B1}.Test|Any CPU.Build.0 = Test|Any CPU
	EndGlobalSection
	GlobalSection(SolutionProperties) = preSolution
		HideSolutionNode = FALSE
	EndGlobalSection
	GlobalSection(NestedProjects) = preSolution
		{1526A789-1DE2-4A8B-AA4B-5382A617C4F8} = {C9BC5650-2133-4500-A090-EAE3C6EC38EB}
		{0F187D8B-50EA-4E47-9E33-67F288251F30} = {FDA1079E-BE0F-447D-91F8-89DE10A34A11}
		{A35F0ED7-98ED-4EE2-99C6-EA2AF880F8CD} = {FDA1079E-BE0F-447D-91F8-89DE10A34A11}
		{2702DCFE-6086-48A0-A6DC-DB1D272AEFB3} = {FDA1079E-BE0F-447D-91F8-89DE10A34A11}
		{3DD48154-4E62-4CAF-834D-2F6565E16E63} = {FDA1079E-BE0F-447D-91F8-89DE10A34A11}
		{4ADFFC02-63A0-4783-B116-3EB80CEDB36F} = {426F2620-7962-4CE4-A043-257725D88CF9}
		{521F9435-ACE9-48A3-B5D1-839A4161FE07} = {426F2620-7962-4CE4-A043-257725D88CF9}
		{D0FD6FEC-F7B8-406A-9B87-16FF3F5472BE} = {FDA1079E-BE0F-447D-91F8-89DE10A34A11}
		{147909FF-20FF-4DE0-BFD7-61F2D0FCA244} = {426F2620-7962-4CE4-A043-257725D88CF9}
		{69BDFF96-14EE-4B21-AD5A-A9FD29A4A3AA} = {38F19923-9FD9-45CC-A0FB-04908BCD9ECF}
		{C5BE23A3-2181-4891-BA9C-1B05E60A7528} = {38F19923-9FD9-45CC-A0FB-04908BCD9ECF}
		{AEA30886-C74A-46BF-B5B3-4DA77F287665} = {38F19923-9FD9-45CC-A0FB-04908BCD9ECF}
		{8035180C-679D-4091-8612-01A62963C2A6} = {38F19923-9FD9-45CC-A0FB-04908BCD9ECF}
		{D4DE4D15-77C9-4D93-9952-F016513A00F7} = {9123D4B9-1851-4B51-9AB1-3D7CB31A2F47}
		{416FEA9A-D2E2-4FA3-A229-20D74EEEA292} = {C9BC5650-2133-4500-A090-EAE3C6EC38EB}
		{48099DA6-DD8C-483D-B1E5-0B049820E918} = {C9BC5650-2133-4500-A090-EAE3C6EC38EB}
		{2702DCFE-6086-48A0-A6DC-DB1D272AEFB2} = {0F187D8B-50EA-4E47-9E33-67F288251F30}
		{F6DD8172-E02F-4B38-BDF1-C2EC9F0D86F0} = {0F187D8B-50EA-4E47-9E33-67F288251F30}
		{A35F0ED7-98ED-4EE2-99C6-EA2AF880F8C4} = {0F187D8B-50EA-4E47-9E33-67F288251F30}
		{F6DD8172-E02F-4B38-BDF1-C2EC9F0D6F86} = {FDA1079E-BE0F-447D-91F8-89DE10A34A11}
		{58093DA6-8D8C-483D-B1E5-0B149820E914} = {C9BC5650-2133-4500-A090-EAE3C6EC38EB}
		{D0FD6FEC-F7B8-406A-9B87-16FF3F543567} = {0F187D8B-50EA-4E47-9E33-67F288251F30}
		{56D65560-EFC3-4E4C-B0C3-17C4F105260B} = {426F2620-7962-4CE4-A043-257725D88CF9}
		{017FEF75-E2FD-4C9E-952E-AF195A8410D1} = {426F2620-7962-4CE4-A043-257725D88CF9}
		{7C5F1D5B-AA36-48BD-B20F-47E62538D5DA} = {FDA1079E-BE0F-447D-91F8-89DE10A34A11}
		{7C5F1D5B-AA36-48BD-B20F-47E62538643A} = {0F187D8B-50EA-4E47-9E33-67F288251F30}
		{2D3B808E-4E79-40DF-B2FA-8C87FB50D7AA} = {FDA1079E-BE0F-447D-91F8-89DE10A34A11}
		{CDB911A5-A3E1-46B3-98F3-DD1EE63F64B1} = {0F187D8B-50EA-4E47-9E33-67F288251F30}
	EndGlobalSection
EndGlobal
